
Microsoft Visual Studio Solution File, Format Version 12.00
# Visual Studio Version 17
VisualStudioVersion = 17.14.36616.10
MinimumVisualStudioVersion = 10.0.40219.1
Project("{2150E333-8FDC-42A3-9474-1A3956D46DE8}") = "Task0", "Task0", "{36D591C7-65C7-A0D1-1CBC-10CDE441BDC8}"
EndProject
Project("{2150E333-8FDC-42A3-9474-1A3956D46DE8}") = "Task1", "Task1", "{C6A46065-2030-4B2D-8464-18748CD06426}"
EndProject
Project("{2150E333-8FDC-42A3-9474-1A3956D46DE8}") = "Task2", "Task2", "{26B32D18-AC65-4A9A-8D2B-54B12F8D04B6}"
EndProject
Project("{2150E333-8FDC-42A3-9474-1A3956D46DE8}") = "Task3", "Task3", "{C222121A-F576-4F2D-A6B6-D9B9D0FF87BF}"
EndProject
Project("{2150E333-8FDC-42A3-9474-1A3956D46DE8}") = "Task4", "Task4", "{186FBF7F-5843-4B6B-B0F3-B5939B25A16B}"
EndProject
Project("{2150E333-8FDC-42A3-9474-1A3956D46DE8}") = "Task5", "Task5", "{A05D5B81-2AD0-4CA5-8B1B-71A062B623F6}"
EndProject
Project("{2150E333-8FDC-42A3-9474-1A3956D46DE8}") = "Task6", "Task6", "{887A9185-E962-45A8-A486-632025111D18}"
EndProject
Project("{2150E333-8FDC-42A3-9474-1A3956D46DE8}") = "Task7", "Task7", "{DE122C5E-738B-42FE-8850-9EFF074BED2E}"
EndProject
Project("{FAE04EC0-301F-11D3-BF4B-00C04F79EFBC}") = "Tyuiu.ZolotovaKA.Sprint6.Task0.V10.Lib", "Tyuiu.ZolotovaKA.Sprint6.Task0.V10.Lib\Tyuiu.ZolotovaKA.Sprint6.Task0.V10.Lib.csproj", "{72C74763-D64F-4289-A5EC-D5E41553A1D4}"
EndProject
Project("{FAE04EC0-301F-11D3-BF4B-00C04F79EFBC}") = "Tyuiu.ZolotovaKA.Sprint6.Task0.V10.Test", "Tyuiu.ZolotovaKA.Sprint6.Task0.V10.Test\Tyuiu.ZolotovaKA.Sprint6.Task0.V10.Test.csproj", "{CF350D90-1CE3-4DEF-9021-AB9AFB716205}"
EndProject
Project("{FAE04EC0-301F-11D3-BF4B-00C04F79EFBC}") = "Tyuiu.ZolotovaKA.Sprint6.Task0.V10", "Tyuiu.ZolotovaKA.Sprint6.Task0.V10\Tyuiu.ZolotovaKA.Sprint6.Task0.V10.csproj", "{1847A3DD-AB0A-47C7-872C-0D1ACBB9C597}"
EndProject
Project("{FAE04EC0-301F-11D3-BF4B-00C04F79EFBC}") = "Tyuiu.ZolotovaKA.Sprint6.Task1.V12.Lib", "Tyuiu.ZolotovaKA.Sprint6.Task1.V12.Lib\Tyuiu.ZolotovaKA.Sprint6.Task1.V12.Lib.csproj", "{BE20881B-A1EC-4093-8018-5C8235C698D3}"
EndProject
Project("{FAE04EC0-301F-11D3-BF4B-00C04F79EFBC}") = "Tyuiu.ZolotovaKA.Sprint6.Task1.V12.Test", "Tyuiu.ZolotovaKA.Sprint6.Task1.V12.Test\Tyuiu.ZolotovaKA.Sprint6.Task1.V12.Test.csproj", "{F79F2E55-280C-4B52-A87A-B9BF36BB9872}"
EndProject
Project("{FAE04EC0-301F-11D3-BF4B-00C04F79EFBC}") = "Tyuiu.ZolotovaKA.Sprint6.Task1.V12", "Tyuiu.ZolotovaKA.Sprint6.Task1.V12\Tyuiu.ZolotovaKA.Sprint6.Task1.V12.csproj", "{E5941CA4-EAEA-4265-B0D1-072D572930A0}"
EndProject
Project("{FAE04EC0-301F-11D3-BF4B-00C04F79EFBC}") = "Tyuiu.ZolotovaKA.Sprint6.Task3.V20.Test", "Tyuiu.ZolotovaKA.Sprint6.Task3.V20.Test\Tyuiu.ZolotovaKA.Sprint6.Task3.V20.Test.csproj", "{5BDAE52F-C575-46C8-B98E-E43C1DBE1D79}"
EndProject
Project("{FAE04EC0-301F-11D3-BF4B-00C04F79EFBC}") = "Tyuiu.ZolotovaKA.Sprint6.Task3.V20", "Tyuiu.ZolotovaKA.Sprint6.Task3.V20\Tyuiu.ZolotovaKA.Sprint6.Task3.V20.csproj", "{F821D64D-D712-46D3-8EEA-4900587BED11}"
EndProject
Project("{FAE04EC0-301F-11D3-BF4B-00C04F79EFBC}") = "Tyuiu.ZolotovaKA.Sprint6.Task3.V20.Lib", "Tyuiu.ZolotovaKA.Sprint6.Task3.V20.Lib\Tyuiu.ZolotovaKA.Sprint6.Task3.V20.Lib.csproj", "{B90AAA73-8B54-4712-8BD2-647CDE638E20}"
EndProject
Project("{FAE04EC0-301F-11D3-BF4B-00C04F79EFBC}") = "Tyuiu.ZolotovaKA.Sprint6.Task4.V3.Test", "Tyuiu.ZolotovaKA.Sprint6.Task4.V3.Test\Tyuiu.ZolotovaKA.Sprint6.Task4.V3.Test.csproj", "{4C6D922B-1083-49F5-B820-5B7ED1C59EE6}"
EndProject
Project("{FAE04EC0-301F-11D3-BF4B-00C04F79EFBC}") = "Tyuiu.ZolotovaKA.Sprint6.Task4.V3.Lib", "Tyuiu.ZolotovaKA.Sprint6.Task4.V3.Lib\Tyuiu.ZolotovaKA.Sprint6.Task4.V3.Lib.csproj", "{82A97C1B-99D4-48D3-A331-21E0680CF5A1}"
EndProject
Project("{FAE04EC0-301F-11D3-BF4B-00C04F79EFBC}") = "Tyuiu.ZolotovaKA.Sprint6.Task4.V3", "Tyuiu.ZolotovaKA.Sprint6.Task4.V3\Tyuiu.ZolotovaKA.Sprint6.Task4.V3.csproj", "{17F44F37-0538-48F9-8AE4-35FF1277B7A4}"
EndProject
Project("{FAE04EC0-301F-11D3-BF4B-00C04F79EFBC}") = "Tyuiu.ZolotovaKA.Sprint6.Task5.V24", "Tyuiu.ZolotovaKA.Sprint6.Task5.V24\Tyuiu.ZolotovaKA.Sprint6.Task5.V24.csproj", "{9597E2F8-1CCC-4095-9257-86DFEF811157}"
EndProject
Project("{FAE04EC0-301F-11D3-BF4B-00C04F79EFBC}") = "Tyuiu.ZolotovaKA.Sprint6.Task5.V24.Lib", "Tyuiu.ZolotovaKA.Sprint6.Task5.V24.Lib\Tyuiu.ZolotovaKA.Sprint6.Task5.V24.Lib.csproj", "{CB533DA1-A5E9-4989-88FD-2683755DD2A2}"
EndProject
Project("{FAE04EC0-301F-11D3-BF4B-00C04F79EFBC}") = "Tyuiu.ZolotovaKA.Sprint6.Task5.V24.Test", "Tyuiu.ZolotovaKA.Sprint6.Task5.V24.Test\Tyuiu.ZolotovaKA.Sprint6.Task5.V24.Test.csproj", "{5043F2C0-93E7-478F-A97F-46576B3EF12E}"
EndProject
Project("{FAE04EC0-301F-11D3-BF4B-00C04F79EFBC}") = "Tyuiu.ZolotovaKA.Sprint6.Task2.V24.Test", "Tyuiu.ZolotovaKA.Sprint6.Task2.V24.Test\Tyuiu.ZolotovaKA.Sprint6.Task2.V24.Test.csproj", "{78127754-5FB1-400A-9FCA-B96C5677E692}"
EndProject
Project("{FAE04EC0-301F-11D3-BF4B-00C04F79EFBC}") = "Tyuiu.ZolotovaKA.Sprint6.Task2.V24.Lib", "Tyuiu.ZolotovaKA.Sprint6.Task2.V24.Lib\Tyuiu.ZolotovaKA.Sprint6.Task2.V24.Lib.csproj", "{CDB23BFF-1781-4DCC-BA36-2A21B6C36D38}"
EndProject
Project("{FAE04EC0-301F-11D3-BF4B-00C04F79EFBC}") = "Tyuiu.ZolotovaKA.Sprint6.Task2.V24", "Tyuiu.ZolotovaKA.Sprint6.Task2.V24\Tyuiu.ZolotovaKA.Sprint6.Task2.V24.csproj", "{F0A42414-9BAC-433F-AC77-165524823B39}"
EndProject
Global
	GlobalSection(SolutionConfigurationPlatforms) = preSolution
		Debug|Any CPU = Debug|Any CPU
		Release|Any CPU = Release|Any CPU
	EndGlobalSection
	GlobalSection(ProjectConfigurationPlatforms) = postSolution
		{72C74763-D64F-4289-A5EC-D5E41553A1D4}.Debug|Any CPU.ActiveCfg = Debug|Any CPU
		{72C74763-D64F-4289-A5EC-D5E41553A1D4}.Debug|Any CPU.Build.0 = Debug|Any CPU
		{72C74763-D64F-4289-A5EC-D5E41553A1D4}.Release|Any CPU.ActiveCfg = Release|Any CPU
		{72C74763-D64F-4289-A5EC-D5E41553A1D4}.Release|Any CPU.Build.0 = Release|Any CPU
		{CF350D90-1CE3-4DEF-9021-AB9AFB716205}.Debug|Any CPU.ActiveCfg = Debug|Any CPU
		{CF350D90-1CE3-4DEF-9021-AB9AFB716205}.Debug|Any CPU.Build.0 = Debug|Any CPU
		{CF350D90-1CE3-4DEF-9021-AB9AFB716205}.Release|Any CPU.ActiveCfg = Release|Any CPU
		{CF350D90-1CE3-4DEF-9021-AB9AFB716205}.Release|Any CPU.Build.0 = Release|Any CPU
		{1847A3DD-AB0A-47C7-872C-0D1ACBB9C597}.Debug|Any CPU.ActiveCfg = Debug|Any CPU
		{1847A3DD-AB0A-47C7-872C-0D1ACBB9C597}.Debug|Any CPU.Build.0 = Debug|Any CPU
		{1847A3DD-AB0A-47C7-872C-0D1ACBB9C597}.Release|Any CPU.ActiveCfg = Release|Any CPU
		{1847A3DD-AB0A-47C7-872C-0D1ACBB9C597}.Release|Any CPU.Build.0 = Release|Any CPU
		{BE20881B-A1EC-4093-8018-5C8235C698D3}.Debug|Any CPU.ActiveCfg = Debug|Any CPU
		{BE20881B-A1EC-4093-8018-5C8235C698D3}.Debug|Any CPU.Build.0 = Debug|Any CPU
		{BE20881B-A1EC-4093-8018-5C8235C698D3}.Release|Any CPU.ActiveCfg = Release|Any CPU
		{BE20881B-A1EC-4093-8018-5C8235C698D3}.Release|Any CPU.Build.0 = Release|Any CPU
		{F79F2E55-280C-4B52-A87A-B9BF36BB9872}.Debug|Any CPU.ActiveCfg = Debug|Any CPU
		{F79F2E55-280C-4B52-A87A-B9BF36BB9872}.Debug|Any CPU.Build.0 = Debug|Any CPU
		{F79F2E55-280C-4B52-A87A-B9BF36BB9872}.Release|Any CPU.ActiveCfg = Release|Any CPU
		{F79F2E55-280C-4B52-A87A-B9BF36BB9872}.Release|Any CPU.Build.0 = Release|Any CPU
		{E5941CA4-EAEA-4265-B0D1-072D572930A0}.Debug|Any CPU.ActiveCfg = Debug|Any CPU
		{E5941CA4-EAEA-4265-B0D1-072D572930A0}.Debug|Any CPU.Build.0 = Debug|Any CPU
		{E5941CA4-EAEA-4265-B0D1-072D572930A0}.Release|Any CPU.ActiveCfg = Release|Any CPU
		{E5941CA4-EAEA-4265-B0D1-072D572930A0}.Release|Any CPU.Build.0 = Release|Any CPU
		{5BDAE52F-C575-46C8-B98E-E43C1DBE1D79}.Debug|Any CPU.ActiveCfg = Debug|Any CPU
		{5BDAE52F-C575-46C8-B98E-E43C1DBE1D79}.Debug|Any CPU.Build.0 = Debug|Any CPU
		{5BDAE52F-C575-46C8-B98E-E43C1DBE1D79}.Release|Any CPU.ActiveCfg = Release|Any CPU
		{5BDAE52F-C575-46C8-B98E-E43C1DBE1D79}.Release|Any CPU.Build.0 = Release|Any CPU
		{F821D64D-D712-46D3-8EEA-4900587BED11}.Debug|Any CPU.ActiveCfg = Debug|Any CPU
		{F821D64D-D712-46D3-8EEA-4900587BED11}.Debug|Any CPU.Build.0 = Debug|Any CPU
		{F821D64D-D712-46D3-8EEA-4900587BED11}.Release|Any CPU.ActiveCfg = Release|Any CPU
		{F821D64D-D712-46D3-8EEA-4900587BED11}.Release|Any CPU.Build.0 = Release|Any CPU
		{B90AAA73-8B54-4712-8BD2-647CDE638E20}.Debug|Any CPU.ActiveCfg = Debug|Any CPU
		{B90AAA73-8B54-4712-8BD2-647CDE638E20}.Debug|Any CPU.Build.0 = Debug|Any CPU
		{B90AAA73-8B54-4712-8BD2-647CDE638E20}.Release|Any CPU.ActiveCfg = Release|Any CPU
		{B90AAA73-8B54-4712-8BD2-647CDE638E20}.Release|Any CPU.Build.0 = Release|Any CPU
		{4C6D922B-1083-49F5-B820-5B7ED1C59EE6}.Debug|Any CPU.ActiveCfg = Debug|Any CPU
		{4C6D922B-1083-49F5-B820-5B7ED1C59EE6}.Debug|Any CPU.Build.0 = Debug|Any CPU
		{4C6D922B-1083-49F5-B820-5B7ED1C59EE6}.Release|Any CPU.ActiveCfg = Release|Any CPU
		{4C6D922B-1083-49F5-B820-5B7ED1C59EE6}.Release|Any CPU.Build.0 = Release|Any CPU
		{82A97C1B-99D4-48D3-A331-21E0680CF5A1}.Debug|Any CPU.ActiveCfg = Debug|Any CPU
		{82A97C1B-99D4-48D3-A331-21E0680CF5A1}.Debug|Any CPU.Build.0 = Debug|Any CPU
		{82A97C1B-99D4-48D3-A331-21E0680CF5A1}.Release|Any CPU.ActiveCfg = Release|Any CPU
		{82A97C1B-99D4-48D3-A331-21E0680CF5A1}.Release|Any CPU.Build.0 = Release|Any CPU
		{17F44F37-0538-48F9-8AE4-35FF1277B7A4}.Debug|Any CPU.ActiveCfg = Debug|Any CPU
		{17F44F37-0538-48F9-8AE4-35FF1277B7A4}.Debug|Any CPU.Build.0 = Debug|Any CPU
		{17F44F37-0538-48F9-8AE4-35FF1277B7A4}.Release|Any CPU.ActiveCfg = Release|Any CPU
		{17F44F37-0538-48F9-8AE4-35FF1277B7A4}.Release|Any CPU.Build.0 = Release|Any CPU
		{9597E2F8-1CCC-4095-9257-86DFEF811157}.Debug|Any CPU.ActiveCfg = Debug|Any CPU
		{9597E2F8-1CCC-4095-9257-86DFEF811157}.Debug|Any CPU.Build.0 = Debug|Any CPU
		{9597E2F8-1CCC-4095-9257-86DFEF811157}.Release|Any CPU.ActiveCfg = Release|Any CPU
		{9597E2F8-1CCC-4095-9257-86DFEF811157}.Release|Any CPU.Build.0 = Release|Any CPU
		{CB533DA1-A5E9-4989-88FD-2683755DD2A2}.Debug|Any CPU.ActiveCfg = Debug|Any CPU
		{CB533DA1-A5E9-4989-88FD-2683755DD2A2}.Debug|Any CPU.Build.0 = Debug|Any CPU
		{CB533DA1-A5E9-4989-88FD-2683755DD2A2}.Release|Any CPU.ActiveCfg = Release|Any CPU
		{CB533DA1-A5E9-4989-88FD-2683755DD2A2}.Release|Any CPU.Build.0 = Release|Any CPU
		{5043F2C0-93E7-478F-A97F-46576B3EF12E}.Debug|Any CPU.ActiveCfg = Debug|Any CPU
		{5043F2C0-93E7-478F-A97F-46576B3EF12E}.Debug|Any CPU.Build.0 = Debug|Any CPU
		{5043F2C0-93E7-478F-A97F-46576B3EF12E}.Release|Any CPU.ActiveCfg = Release|Any CPU
		{5043F2C0-93E7-478F-A97F-46576B3EF12E}.Release|Any CPU.Build.0 = Release|Any CPU
		{78127754-5FB1-400A-9FCA-B96C5677E692}.Debug|Any CPU.ActiveCfg = Debug|Any CPU
		{78127754-5FB1-400A-9FCA-B96C5677E692}.Debug|Any CPU.Build.0 = Debug|Any CPU
		{78127754-5FB1-400A-9FCA-B96C5677E692}.Release|Any CPU.ActiveCfg = Release|Any CPU
		{78127754-5FB1-400A-9FCA-B96C5677E692}.Release|Any CPU.Build.0 = Release|Any CPU
		{CDB23BFF-1781-4DCC-BA36-2A21B6C36D38}.Debug|Any CPU.ActiveCfg = Debug|Any CPU
		{CDB23BFF-1781-4DCC-BA36-2A21B6C36D38}.Debug|Any CPU.Build.0 = Debug|Any CPU
		{CDB23BFF-1781-4DCC-BA36-2A21B6C36D38}.Release|Any CPU.ActiveCfg = Release|Any CPU
		{CDB23BFF-1781-4DCC-BA36-2A21B6C36D38}.Release|Any CPU.Build.0 = Release|Any CPU
		{F0A42414-9BAC-433F-AC77-165524823B39}.Debug|Any CPU.ActiveCfg = Debug|Any CPU
		{F0A42414-9BAC-433F-AC77-165524823B39}.Debug|Any CPU.Build.0 = Debug|Any CPU
		{F0A42414-9BAC-433F-AC77-165524823B39}.Release|Any CPU.ActiveCfg = Release|Any CPU
		{F0A42414-9BAC-433F-AC77-165524823B39}.Release|Any CPU.Build.0 = Release|Any CPU
	EndGlobalSection
	GlobalSection(SolutionProperties) = preSolution
		HideSolutionNode = FALSE
	EndGlobalSection
	GlobalSection(NestedProjects) = preSolution
		{72C74763-D64F-4289-A5EC-D5E41553A1D4} = {36D591C7-65C7-A0D1-1CBC-10CDE441BDC8}
		{CF350D90-1CE3-4DEF-9021-AB9AFB716205} = {36D591C7-65C7-A0D1-1CBC-10CDE441BDC8}
		{1847A3DD-AB0A-47C7-872C-0D1ACBB9C597} = {36D591C7-65C7-A0D1-1CBC-10CDE441BDC8}
		{BE20881B-A1EC-4093-8018-5C8235C698D3} = {C6A46065-2030-4B2D-8464-18748CD06426}
		{F79F2E55-280C-4B52-A87A-B9BF36BB9872} = {C6A46065-2030-4B2D-8464-18748CD06426}
		{E5941CA4-EAEA-4265-B0D1-072D572930A0} = {C6A46065-2030-4B2D-8464-18748CD06426}
		{5BDAE52F-C575-46C8-B98E-E43C1DBE1D79} = {C222121A-F576-4F2D-A6B6-D9B9D0FF87BF}
		{F821D64D-D712-46D3-8EEA-4900587BED11} = {C222121A-F576-4F2D-A6B6-D9B9D0FF87BF}
		{B90AAA73-8B54-4712-8BD2-647CDE638E20} = {C222121A-F576-4F2D-A6B6-D9B9D0FF87BF}
		{4C6D922B-1083-49F5-B820-5B7ED1C59EE6} = {186FBF7F-5843-4B6B-B0F3-B5939B25A16B}
		{82A97C1B-99D4-48D3-A331-21E0680CF5A1} = {186FBF7F-5843-4B6B-B0F3-B5939B25A16B}
		{17F44F37-0538-48F9-8AE4-35FF1277B7A4} = {186FBF7F-5843-4B6B-B0F3-B5939B25A16B}
		{9597E2F8-1CCC-4095-9257-86DFEF811157} = {A05D5B81-2AD0-4CA5-8B1B-71A062B623F6}
		{CB533DA1-A5E9-4989-88FD-2683755DD2A2} = {A05D5B81-2AD0-4CA5-8B1B-71A062B623F6}
		{5043F2C0-93E7-478F-A97F-46576B3EF12E} = {A05D5B81-2AD0-4CA5-8B1B-71A062B623F6}
		{78127754-5FB1-400A-9FCA-B96C5677E692} = {26B32D18-AC65-4A9A-8D2B-54B12F8D04B6}
		{CDB23BFF-1781-4DCC-BA36-2A21B6C36D38} = {26B32D18-AC65-4A9A-8D2B-54B12F8D04B6}
		{F0A42414-9BAC-433F-AC77-165524823B39} = {26B32D18-AC65-4A9A-8D2B-54B12F8D04B6}
	EndGlobalSection
	GlobalSection(ExtensibilityGlobals) = postSolution
		SolutionGuid = {4677E65C-88A2-4958-92A7-DBC3B62FFD2A}
	EndGlobalSection
EndGlobal
